Microsoft Visual Studio Solution File, Format Version 12.00
# Visual Studio Version 17
VisualStudioVersion = 17.5.2.0
MinimumVisualStudioVersion = 10.0.40219.1
Project("{FAE04EC0-301F-11D3-BF4B-00C04F79EFBC}") = "EmailAPI", "EmailAPI.csproj", "{DFFAD615-4DCD-571E-D4AC-4C51DEEBAC56}"
EndProject
Global
	GlobalSection(SolutionConfigurationPlatforms) = preSolution
		Debug|Any CPU = Debug|Any CPU
		Release|Any CPU = Release|Any CPU
	EndGlobalSection
	GlobalSection(ProjectConfigurationPlatforms) = postSolution
		{DFFAD615-4DCD-571E-D4AC-4C51DEEBAC56}.Debug|Any CPU.ActiveCfg = Debug|Any CPU
		{DFFAD615-4DCD-571E-D4AC-4C51DEEBAC56}.Debug|Any CPU.Build.0 = Debug|Any CPU
		{DFFAD615-4DCD-571E-D4AC-4C51DEEBAC56}.Release|Any CPU.ActiveCfg = Release|Any CPU
		{DFFAD615-4DCD-571E-D4AC-4C51DEEBAC56}.Release|Any CPU.Build.0 = Release|Any CPU
	EndGlobalSection
	GlobalSection(SolutionProperties) = preSolution
		HideSolutionNode = FALSE
	EndGlobalSection
	GlobalSection(ExtensibilityGlobals) = postSolution
		SolutionGuid = {132601EA-3E33-4F1C-B320-6E871244D095}
	EndGlobalSection
EndGlobal
